Microsoft Visual Studio Solution File, Format Version 12.00
# Visual Studio Version 17
VisualStudioVersion = 17.7.33920.267
MinimumVisualStudioVersion = 10.0.40219.1
Project("{2150E333-8FDC-42A3-9474-1A3956D46DE8}") = "visual-studio-examples", "visual-studio-examples", "{ED51DBEA-59F4-4DC0-B8FF-1BACC50C9ADD}"
EndProject
Project("{2150E333-8FDC-42A3-9474-1A3956D46DE8}") = "library", "library", "{9A8143F9-8933-4909-8E05-D68E544BCFB0}"
EndProject
Project("{2150E333-8FDC-42A3-9474-1A3956D46DE8}") = "console", "console", "{15EE8AB7-9265-49B6-95E5-FC1E0A566186}"
EndProject
Project("{2150E333-8FDC-42A3-9474-1A3956D46DE8}") = "winform", "winform", "{876B11A9-8BBE-46F2-BF3B-6C945A3ED46A}"
EndProject
Project("{2150E333-8FDC-42A3-9474-1A3956D46DE8}") = "wpf", "wpf", "{19669502-3C67-45AB-949C-67240E985629}"
EndProject
Project("{6EC3EE1D-3C4E-46DD-8F32-0CC8E7565705}") = "ConsoleFs", "ConsoleFs\ConsoleFs.fsproj", "{2B109AF8-5559-4091-9909-384AE49948F4}"
EndProject
Project("{9A19103F-16F7-4668-BE54-9A1E7A4F7556}") = "ConsoleCs", "ConsoleCs\ConsoleCs.csproj", "{14346BCD-3186-4065-B072-A88D628FC9BA}"
EndProject
Project("{778DAE3C-4631-46EA-AA77-85C1314464D9}") = "LibraryVb", "LibraryVb\LibraryVb.vbproj", "{87C64689-2960-4C47-801B-009653AC537A}"
EndProject
Project("{9A19103F-16F7-4668-BE54-9A1E7A4F7556}") = "LibraryCs", "LibraryCs\LibraryCs.csproj", "{A813CA17-DAB7-49CA-811E-5F5F0FF4206C}"
EndProject
Project("{6EC3EE1D-3C4E-46DD-8F32-0CC8E7565705}") = "LibraryFs", "LibraryFs\LibraryFs.fsproj", "{0C011E6C-F9A4-4AC8-8FF4-759584B85EEB}"
EndProject
Project("{FAE04EC0-301F-11D3-BF4B-00C04F79EFBC}") = "WindowsFormsCs", "WindowsFormsCs\WindowsFormsCs.csproj", "{77D2CA32-EEA3-461C-8575-5B4123F42B82}"
EndProject
Project("{F184B08F-C81C-45F6-A57F-5ABD9991F28F}") = "WindowsFormsVb", "WindowsFormsVb\WindowsFormsVb.vbproj", "{73FB72CB-B6DD-4866-B4C1-15B77C32B282}"
EndProject
Project("{F184B08F-C81C-45F6-A57F-5ABD9991F28F}") = "WpfVb", "WpfVb\WpfVb.vbproj", "{0ACB22FD-EC42-4C4C-B107-CC80FC40DA66}"
EndProject
Project("{FAE04EC0-301F-11D3-BF4B-00C04F79EFBC}") = "WpfCs", "WpfCs\WpfCs.csproj", "{FD9DA927-BAC5-4B92-A6DC-459B0326A41A}"
EndProject
Project("{778DAE3C-4631-46EA-AA77-85C1314464D9}") = "ConsoleVb", "ConsoleVb\ConsoleVb.vbproj", "{F3DB7E16-1066-4FE8-B848-CB608DB63647}"
EndProject
Global
	GlobalSection(SolutionConfigurationPlatforms) = preSolution
		Debug|Any CPU = Debug|Any CPU
		Release|Any CPU = Release|Any CPU
	EndGlobalSection
	GlobalSection(ProjectConfigurationPlatforms) = postSolution
		{2B109AF8-5559-4091-9909-384AE49948F4}.Debug|Any CPU.ActiveCfg = Debug|Any CPU
		{2B109AF8-5559-4091-9909-384AE49948F4}.Debug|Any CPU.Build.0 = Debug|Any CPU
		{2B109AF8-5559-4091-9909-384AE49948F4}.Release|Any CPU.ActiveCfg = Release|Any CPU
		{2B109AF8-5559-4091-9909-384AE49948F4}.Release|Any CPU.Build.0 = Release|Any CPU
		{14346BCD-3186-4065-B072-A88D628FC9BA}.Debug|Any CPU.ActiveCfg = Debug|Any CPU
		{14346BCD-3186-4065-B072-A88D628FC9BA}.Debug|Any CPU.Build.0 = Debug|Any CPU
		{14346BCD-3186-4065-B072-A88D628FC9BA}.Release|Any CPU.ActiveCfg = Release|Any CPU
		{14346BCD-3186-4065-B072-A88D628FC9BA}.Release|Any CPU.Build.0 = Release|Any CPU
		{87C64689-2960-4C47-801B-009653AC537A}.Debug|Any CPU.ActiveCfg = Debug|Any CPU
		{87C64689-2960-4C47-801B-009653AC537A}.Debug|Any CPU.Build.0 = Debug|Any CPU
		{87C64689-2960-4C47-801B-009653AC537A}.Release|Any CPU.ActiveCfg = Release|Any CPU
		{87C64689-2960-4C47-801B-009653AC537A}.Release|Any CPU.Build.0 = Release|Any CPU
		{A813CA17-DAB7-49CA-811E-5F5F0FF4206C}.Debug|Any CPU.ActiveCfg = Debug|Any CPU
		{A813CA17-DAB7-49CA-811E-5F5F0FF4206C}.Debug|Any CPU.Build.0 = Debug|Any CPU
		{A813CA17-DAB7-49CA-811E-5F5F0FF4206C}.Release|Any CPU.ActiveCfg = Release|Any CPU
		{A813CA17-DAB7-49CA-811E-5F5F0FF4206C}.Release|Any CPU.Build.0 = Release|Any CPU
		{0C011E6C-F9A4-4AC8-8FF4-759584B85EEB}.Debug|Any CPU.ActiveCfg = Debug|Any CPU
		{0C011E6C-F9A4-4AC8-8FF4-759584B85EEB}.Debug|Any CPU.Build.0 = Debug|Any CPU
		{0C011E6C-F9A4-4AC8-8FF4-759584B85EEB}.Release|Any CPU.ActiveCfg = Release|Any CPU
		{0C011E6C-F9A4-4AC8-8FF4-759584B85EEB}.Release|Any CPU.Build.0 = Release|Any CPU
		{77D2CA32-EEA3-461C-8575-5B4123F42B82}.Debug|Any CPU.ActiveCfg = Debug|Any CPU
		{77D2CA32-EEA3-461C-8575-5B4123F42B82}.Debug|Any CPU.Build.0 = Debug|Any CPU
		{77D2CA32-EEA3-461C-8575-5B4123F42B82}.Release|Any CPU.ActiveCfg = Release|Any CPU
		{77D2CA32-EEA3-461C-8575-5B4123F42B82}.Release|Any CPU.Build.0 = Release|Any CPU
		{73FB72CB-B6DD-4866-B4C1-15B77C32B282}.Debug|Any CPU.ActiveCfg = Debug|Any CPU
		{73FB72CB-B6DD-4866-B4C1-15B77C32B282}.Debug|Any CPU.Build.0 = Debug|Any CPU
		{73FB72CB-B6DD-4866-B4C1-15B77C32B282}.Release|Any CPU.ActiveCfg = Release|Any CPU
		{73FB72CB-B6DD-4866-B4C1-15B77C32B282}.Release|Any CPU.Build.0 = Release|Any CPU
		{0ACB22FD-EC42-4C4C-B107-CC80FC40DA66}.Debug|Any CPU.ActiveCfg = Debug|Any CPU
		{0ACB22FD-EC42-4C4C-B107-CC80FC40DA66}.Debug|Any CPU.Build.0 = Debug|Any CPU
		{0ACB22FD-EC42-4C4C-B107-CC80FC40DA66}.Release|Any CPU.ActiveCfg = Release|Any CPU
		{0ACB22FD-EC42-4C4C-B107-CC80FC40DA66}.Release|Any CPU.Build.0 = Release|Any CPU
		{FD9DA927-BAC5-4B92-A6DC-459B0326A41A}.Debug|Any CPU.ActiveCfg = Debug|Any CPU
		{FD9DA927-BAC5-4B92-A6DC-459B0326A41A}.Debug|Any CPU.Build.0 = Debug|Any CPU
		{FD9DA927-BAC5-4B92-A6DC-459B0326A41A}.Release|Any CPU.ActiveCfg = Release|Any CPU
		{FD9DA927-BAC5-4B92-A6DC-459B0326A41A}.Release|Any CPU.Build.0 = Release|Any CPU
		{F3DB7E16-1066-4FE8-B848-CB608DB63647}.Debug|Any CPU.ActiveCfg = Debug|Any CPU
		{F3DB7E16-1066-4FE8-B848-CB608DB63647}.Debug|Any CPU.Build.0 = Debug|Any CPU
		{F3DB7E16-1066-4FE8-B848-CB608DB63647}.Release|Any CPU.ActiveCfg = Release|Any CPU
		{F3DB7E16-1066-4FE8-B848-CB608DB63647}.Release|Any CPU.Build.0 = Release|Any CPU
	EndGlobalSection
	GlobalSection(SolutionProperties) = preSolution
		HideSolutionNode = FALSE
	EndGlobalSection
	GlobalSection(NestedProjects) = preSolution
		{9A8143F9-8933-4909-8E05-D68E544BCFB0} = {ED51DBEA-59F4-4DC0-B8FF-1BACC50C9ADD}
		{15EE8AB7-9265-49B6-95E5-FC1E0A566186} = {ED51DBEA-59F4-4DC0-B8FF-1BACC50C9ADD}
		{876B11A9-8BBE-46F2-BF3B-6C945A3ED46A} = {ED51DBEA-59F4-4DC0-B8FF-1BACC50C9ADD}
		{19669502-3C67-45AB-949C-67240E985629} = {ED51DBEA-59F4-4DC0-B8FF-1BACC50C9ADD}
		{2B109AF8-5559-4091-9909-384AE49948F4} = {15EE8AB7-9265-49B6-95E5-FC1E0A566186}
		{14346BCD-3186-4065-B072-A88D628FC9BA} = {15EE8AB7-9265-49B6-95E5-FC1E0A566186}
		{87C64689-2960-4C47-801B-009653AC537A} = {9A8143F9-8933-4909-8E05-D68E544BCFB0}
		{A813CA17-DAB7-49CA-811E-5F5F0FF4206C} = {9A8143F9-8933-4909-8E05-D68E544BCFB0}
		{0C011E6C-F9A4-4AC8-8FF4-759584B85EEB} = {9A8143F9-8933-4909-8E05-D68E544BCFB0}
		{77D2CA32-EEA3-461C-8575-5B4123F42B82} = {876B11A9-8BBE-46F2-BF3B-6C945A3ED46A}
		{73FB72CB-B6DD-4866-B4C1-15B77C32B282} = {876B11A9-8BBE-46F2-BF3B-6C945A3ED46A}
		{0ACB22FD-EC42-4C4C-B107-CC80FC40DA66} = {19669502-3C67-45AB-949C-67240E985629}
		{FD9DA927-BAC5-4B92-A6DC-459B0326A41A} = {19669502-3C67-45AB-949C-67240E985629}
		{F3DB7E16-1066-4FE8-B848-CB608DB63647} = {15EE8AB7-9265-49B6-95E5-FC1E0A566186}
	EndGlobalSection
	GlobalSection(ExtensibilityGlobals) = postSolution
		SolutionGuid = {49EE892C-AF6A-4330-A52A-8EA118564017}
	EndGlobalSection
EndGlobal
